Microsoft Visual Studio Solution File, Format Version 12.00
# Visual Studio 2013
Project("{8BC9CEB8-8B4A-11D0-8D11-00A0C91BC942}") = "png", "F:/Code/Win32_ui/soui/third-part/png\png.vcxproj", "{B140B779-0D23-31F8-9A12-A1228BD45771}"
EndProject
Project("{8BC9CEB8-8B4A-11D0-8D11-00A0C91BC942}") = "skia", "F:/Code/Win32_ui/soui/third-part/skia\skia.vcxproj", "{27DC1057-2EDE-30A5-9674-CD714FD448B8}"
EndProject
Project("{8BC9CEB8-8B4A-11D0-8D11-00A0C91BC942}") = "zlib", "F:/Code/Win32_ui/soui/third-part/zlib\zlib.vcxproj", "{760576CD-1890-3BBD-8A81-2DDCB655FBF0}"
EndProject
Project("{8BC9CEB8-8B4A-11D0-8D11-00A0C91BC942}") = "lua-52", "F:/Code/Win32_ui/soui/third-part/lua-52\lua-52.vcxproj", "{15F0F279-EFA1-30C7-BFDD-4D5A20FCCDE7}"
EndProject
Project("{8BC9CEB8-8B4A-11D0-8D11-00A0C91BC942}") = "smiley", "F:/Code/Win32_ui/soui/third-part/smiley\smiley.vcxproj", "{D0E9CD25-6643-36BE-88EA-1DC67636FBFE}"
EndProject
Project("{8BC9CEB8-8B4A-11D0-8D11-00A0C91BC942}") = "mhook", "F:/Code/Win32_ui/soui/third-part/mhook\mhook.vcxproj", "{B589B297-65A3-352F-A57C-5C504B0B9E43}"
EndProject
Global
	GlobalSection(SolutionConfigurationPlatforms) = preSolution
		Debug|Win32 = Debug|Win32
		Release|Win32 = Release|Win32
	EndGlobalSection
	GlobalSection(ProjectConfigurationPlatforms) = postSolution
		{B140B779-0D23-31F8-9A12-A1228BD45771}.Debug|Win32.ActiveCfg = Debug|Win32
		{B140B779-0D23-31F8-9A12-A1228BD45771}.Debug|Win32.Build.0 = Debug|Win32
		{B140B779-0D23-31F8-9A12-A1228BD45771}.Release|Win32.ActiveCfg = Release|Win32
		{B140B779-0D23-31F8-9A12-A1228BD45771}.Release|Win32.Build.0 = Release|Win32
		{27DC1057-2EDE-30A5-9674-CD714FD448B8}.Debug|Win32.ActiveCfg = Debug|Win32
		{27DC1057-2EDE-30A5-9674-CD714FD448B8}.Debug|Win32.Build.0 = Debug|Win32
		{27DC1057-2EDE-30A5-9674-CD714FD448B8}.Release|Win32.ActiveCfg = Release|Win32
		{27DC1057-2EDE-30A5-9674-CD714FD448B8}.Release|Win32.Build.0 = Release|Win32
		{760576CD-1890-3BBD-8A81-2DDCB655FBF0}.Debug|Win32.ActiveCfg = Debug|Win32
		{760576CD-1890-3BBD-8A81-2DDCB655FBF0}.Debug|Win32.Build.0 = Debug|Win32
		{760576CD-1890-3BBD-8A81-2DDCB655FBF0}.Release|Win32.ActiveCfg = Release|Win32
		{760576CD-1890-3BBD-8A81-2DDCB655FBF0}.Release|Win32.Build.0 = Release|Win32
		{15F0F279-EFA1-30C7-BFDD-4D5A20FCCDE7}.Debug|Win32.ActiveCfg = Debug|Win32
		{15F0F279-EFA1-30C7-BFDD-4D5A20FCCDE7}.Debug|Win32.Build.0 = Debug|Win32
		{15F0F279-EFA1-30C7-BFDD-4D5A20FCCDE7}.Release|Win32.ActiveCfg = Release|Win32
		{15F0F279-EFA1-30C7-BFDD-4D5A20FCCDE7}.Release|Win32.Build.0 = Release|Win32
		{D0E9CD25-6643-36BE-88EA-1DC67636FBFE}.Debug|Win32.ActiveCfg = Debug|Win32
		{D0E9CD25-6643-36BE-88EA-1DC67636FBFE}.Debug|Win32.Build.0 = Debug|Win32
		{D0E9CD25-6643-36BE-88EA-1DC67636FBFE}.Release|Win32.ActiveCfg = Release|Win32
		{D0E9CD25-6643-36BE-88EA-1DC67636FBFE}.Release|Win32.Build.0 = Release|Win32
		{B589B297-65A3-352F-A57C-5C504B0B9E43}.Debug|Win32.ActiveCfg = Debug|Win32
		{B589B297-65A3-352F-A57C-5C504B0B9E43}.Debug|Win32.Build.0 = Debug|Win32
		{B589B297-65A3-352F-A57C-5C504B0B9E43}.Release|Win32.ActiveCfg = Release|Win32
		{B589B297-65A3-352F-A57C-5C504B0B9E43}.Release|Win32.Build.0 = Release|Win32
	EndGlobalSection
	GlobalSection(ExtensibilityGlobals) = postSolution
	EndGlobalSection
	GlobalSection(ExtensibilityAddIns) = postSolution
	EndGlobalSection
EndGlobal