Microsoft Visual Studio Solution File, Format Version 12.00
# Visual Studio 2013
Project("{8BC9CEB8-8B4A-11D0-8D11-00A0C91BC942}") = "demo", "F:/Code/Win32_ui/soui/demos/demo\demo.vcxproj", "{91F944C2-2EB5-38FC-9992-3E509D493F6D}"
EndProject
Project("{8BC9CEB8-8B4A-11D0-8D11-00A0C91BC942}") = "qqlogin", "F:/Code/Win32_ui/soui/demos/qqlogin\qqlogin.vcxproj", "{78845D8B-AEC9-33F1-ACA4-8F89C43EED28}"
EndProject
Project("{8BC9CEB8-8B4A-11D0-8D11-00A0C91BC942}") = "360", "F:/Code/Win32_ui/soui/demos/360\360.vcxproj", "{BF93D45A-E9C4-3F8E-A069-95D3411DB17A}"
EndProject
Project("{8BC9CEB8-8B4A-11D0-8D11-00A0C91BC942}") = "360Preview", "F:/Code/Win32_ui/soui/demos/360Preview\360Preview.vcxproj", "{FF67BE74-C63C-3A96-8DDA-74988C7EC6E8}"
EndProject
Project("{8BC9CEB8-8B4A-11D0-8D11-00A0C91BC942}") = "souispy", "F:/Code/Win32_ui/soui/demos/souispy\souispy.vcxproj", "{D8EF60A2-1D95-3F0A-BAD0-38DDC24732BB}"
EndProject
Project("{8BC9CEB8-8B4A-11D0-8D11-00A0C91BC942}") = "PCManager", "F:/Code/Win32_ui/soui/demos/PcManager\PCManager.vcxproj", "{48D17079-CD15-3D42-931E-5F2481A92A0B}"
EndProject
Project("{8BC9CEB8-8B4A-11D0-8D11-00A0C91BC942}") = "SoTool", "F:/Code/Win32_ui/soui/demos/SoTool\SoTool.vcxproj", "{30C538F7-3D3C-33F8-8237-99D9593AD8AB}"
EndProject
Project("{8BC9CEB8-8B4A-11D0-8D11-00A0C91BC942}") = "mclistview_demo", "F:/Code/Win32_ui/soui/demos/mclistview_demo\mclistview_demo.vcxproj", "{CCEB3C24-47BE-318F-8DDC-BAE6ABE07AC3}"
EndProject
Global
	GlobalSection(SolutionConfigurationPlatforms) = preSolution
		Debug|Win32 = Debug|Win32
		Release|Win32 = Release|Win32
	EndGlobalSection
	GlobalSection(ProjectConfigurationPlatforms) = postSolution
		{91F944C2-2EB5-38FC-9992-3E509D493F6D}.Debug|Win32.ActiveCfg = Debug|Win32
		{91F944C2-2EB5-38FC-9992-3E509D493F6D}.Debug|Win32.Build.0 = Debug|Win32
		{91F944C2-2EB5-38FC-9992-3E509D493F6D}.Release|Win32.ActiveCfg = Release|Win32
		{91F944C2-2EB5-38FC-9992-3E509D493F6D}.Release|Win32.Build.0 = Release|Win32
		{78845D8B-AEC9-33F1-ACA4-8F89C43EED28}.Debug|Win32.ActiveCfg = Debug|Win32
		{78845D8B-AEC9-33F1-ACA4-8F89C43EED28}.Debug|Win32.Build.0 = Debug|Win32
		{78845D8B-AEC9-33F1-ACA4-8F89C43EED28}.Release|Win32.ActiveCfg = Release|Win32
		{78845D8B-AEC9-33F1-ACA4-8F89C43EED28}.Release|Win32.Build.0 = Release|Win32
		{BF93D45A-E9C4-3F8E-A069-95D3411DB17A}.Debug|Win32.ActiveCfg = Debug|Win32
		{BF93D45A-E9C4-3F8E-A069-95D3411DB17A}.Debug|Win32.Build.0 = Debug|Win32
		{BF93D45A-E9C4-3F8E-A069-95D3411DB17A}.Release|Win32.ActiveCfg = Release|Win32
		{BF93D45A-E9C4-3F8E-A069-95D3411DB17A}.Release|Win32.Build.0 = Release|Win32
		{FF67BE74-C63C-3A96-8DDA-74988C7EC6E8}.Debug|Win32.ActiveCfg = Debug|Win32
		{FF67BE74-C63C-3A96-8DDA-74988C7EC6E8}.Debug|Win32.Build.0 = Debug|Win32
		{FF67BE74-C63C-3A96-8DDA-74988C7EC6E8}.Release|Win32.ActiveCfg = Release|Win32
		{FF67BE74-C63C-3A96-8DDA-74988C7EC6E8}.Release|Win32.Build.0 = Release|Win32
		{D8EF60A2-1D95-3F0A-BAD0-38DDC24732BB}.Debug|Win32.ActiveCfg = Debug|Win32
		{D8EF60A2-1D95-3F0A-BAD0-38DDC24732BB}.Debug|Win32.Build.0 = Debug|Win32
		{D8EF60A2-1D95-3F0A-BAD0-38DDC24732BB}.Release|Win32.ActiveCfg = Release|Win32
		{D8EF60A2-1D95-3F0A-BAD0-38DDC24732BB}.Release|Win32.Build.0 = Release|Win32
		{48D17079-CD15-3D42-931E-5F2481A92A0B}.Debug|Win32.ActiveCfg = Debug|Win32
		{48D17079-CD15-3D42-931E-5F2481A92A0B}.Debug|Win32.Build.0 = Debug|Win32
		{48D17079-CD15-3D42-931E-5F2481A92A0B}.Release|Win32.ActiveCfg = Release|Win32
		{48D17079-CD15-3D42-931E-5F2481A92A0B}.Release|Win32.Build.0 = Release|Win32
		{30C538F7-3D3C-33F8-8237-99D9593AD8AB}.Debug|Win32.ActiveCfg = Debug|Win32
		{30C538F7-3D3C-33F8-8237-99D9593AD8AB}.Debug|Win32.Build.0 = Debug|Win32
		{30C538F7-3D3C-33F8-8237-99D9593AD8AB}.Release|Win32.ActiveCfg = Release|Win32
		{30C538F7-3D3C-33F8-8237-99D9593AD8AB}.Release|Win32.Build.0 = Release|Win32
		{CCEB3C24-47BE-318F-8DDC-BAE6ABE07AC3}.Debug|Win32.ActiveCfg = Debug|Win32
		{CCEB3C24-47BE-318F-8DDC-BAE6ABE07AC3}.Debug|Win32.Build.0 = Debug|Win32
		{CCEB3C24-47BE-318F-8DDC-BAE6ABE07AC3}.Release|Win32.ActiveCfg = Release|Win32
		{CCEB3C24-47BE-318F-8DDC-BAE6ABE07AC3}.Release|Win32.Build.0 = Release|Win32
	EndGlobalSection
	GlobalSection(ExtensibilityGlobals) = postSolution
	EndGlobalSection
	GlobalSection(ExtensibilityAddIns) = postSolution
	EndGlobalSection
EndGlobal